
Microsoft Visual Studio Solution File, Format Version 12.00
Project("{2150E333-8FDC-42A3-9474-1A3956D46DE8}") = "Documentation", "Documentation", "{78C713FC-10F0-4E13-A7E9-D1ED91AA9F0E}"
EndProject
Project("{FAE04EC0-301F-11D3-BF4B-00C04F79EFBC}") = "Assignment1", "Assignment1\Assignment1.csproj", "{88CA91CE-C435-4968-83E2-4149DDB7182B}"
EndProject
Project("{FAE04EC0-301F-11D3-BF4B-00C04F79EFBC}") = "Assignment2", "Assignment2\Assignment2.csproj", "{D0A9D03E-B393-4848-8EC1-41AE2262E90C}"
EndProject
Project("{2150E333-8FDC-42A3-9474-1A3956D46DE8}") = "src", "src", "{6C4863D4-B909-4203-A1C2-D33B42A9F647}"
EndProject
Project("{2150E333-8FDC-42A3-9474-1A3956D46DE8}") = "Core", "Core", "{FE2CC59B-73DA-46A5-A221-3332B92B4183}"
EndProject
Project("{2150E333-8FDC-42A3-9474-1A3956D46DE8}") = "Tools", "Tools", "{6792170C-B19B-4625-9E56-A515605D8EDA}"
EndProject
Project("{FAE04EC0-301F-11D3-BF4B-00C04F79EFBC}") = "ViaEventAssociation.Core.Tools.OperationResult", "ViaEventAssociation.Core.Tools.OperationResult\ViaEventAssociation.Core.Tools.OperationResult.csproj", "{1327755F-2481-480C-A026-C34A4D9AB175}"
EndProject
Project("{FAE04EC0-301F-11D3-BF4B-00C04F79EFBC}") = "Assignment3", "Assignment3\Assignment3.csproj", "{2367EF53-5AF6-4B70-ABC4-90257C857145}"
EndProject
Global
	GlobalSection(SolutionConfigurationPlatforms) = preSolution
		Debug|Any CPU = Debug|Any CPU
		Release|Any CPU = Release|Any CPU
	EndGlobalSection
	GlobalSection(NestedProjects) = preSolution
		{88CA91CE-C435-4968-83E2-4149DDB7182B} = {78C713FC-10F0-4E13-A7E9-D1ED91AA9F0E}
		{D0A9D03E-B393-4848-8EC1-41AE2262E90C} = {78C713FC-10F0-4E13-A7E9-D1ED91AA9F0E}
		{FE2CC59B-73DA-46A5-A221-3332B92B4183} = {6C4863D4-B909-4203-A1C2-D33B42A9F647}
		{6792170C-B19B-4625-9E56-A515605D8EDA} = {FE2CC59B-73DA-46A5-A221-3332B92B4183}
		{1327755F-2481-480C-A026-C34A4D9AB175} = {6792170C-B19B-4625-9E56-A515605D8EDA}
		{2367EF53-5AF6-4B70-ABC4-90257C857145} = {78C713FC-10F0-4E13-A7E9-D1ED91AA9F0E}
	EndGlobalSection
	GlobalSection(ProjectConfigurationPlatforms) = postSolution
		{D0A9D03E-B393-4848-8EC1-41AE2262E90C}.Debug|Any CPU.ActiveCfg = Debug|Any CPU
		{D0A9D03E-B393-4848-8EC1-41AE2262E90C}.Debug|Any CPU.Build.0 = Debug|Any CPU
		{D0A9D03E-B393-4848-8EC1-41AE2262E90C}.Release|Any CPU.ActiveCfg = Release|Any CPU
		{D0A9D03E-B393-4848-8EC1-41AE2262E90C}.Release|Any CPU.Build.0 = Release|Any CPU
		{88CA91CE-C435-4968-83E2-4149DDB7182B}.Debug|Any CPU.ActiveCfg = Debug|Any CPU
		{88CA91CE-C435-4968-83E2-4149DDB7182B}.Debug|Any CPU.Build.0 = Debug|Any CPU
		{1327755F-2481-480C-A026-C34A4D9AB175}.Debug|Any CPU.ActiveCfg = Debug|Any CPU
		{1327755F-2481-480C-A026-C34A4D9AB175}.Debug|Any CPU.Build.0 = Debug|Any CPU
		{1327755F-2481-480C-A026-C34A4D9AB175}.Release|Any CPU.ActiveCfg = Release|Any CPU
		{1327755F-2481-480C-A026-C34A4D9AB175}.Release|Any CPU.Build.0 = Release|Any CPU
		{2367EF53-5AF6-4B70-ABC4-90257C857145}.Debug|Any CPU.ActiveCfg = Debug|Any CPU
		{2367EF53-5AF6-4B70-ABC4-90257C857145}.Debug|Any CPU.Build.0 = Debug|Any CPU
		{2367EF53-5AF6-4B70-ABC4-90257C857145}.Release|Any CPU.ActiveCfg = Release|Any CPU
		{2367EF53-5AF6-4B70-ABC4-90257C857145}.Release|Any CPU.Build.0 = Release|Any CPU
	EndGlobalSection
EndGlobal
