
Microsoft Visual Studio Solution File, Format Version 12.00
Project("{2150E333-8FDC-42A3-9474-1A3956D46DE8}") = "Documentation", "Documentation", "{78C713FC-10F0-4E13-A7E9-D1ED91AA9F0E}"
EndProject
Project("{FAE04EC0-301F-11D3-BF4B-00C04F79EFBC}") = "Assignment1", "Assignment1\Assignment1.csproj", "{88CA91CE-C435-4968-83E2-4149DDB7182B}"
EndProject
Global
	GlobalSection(SolutionConfigurationPlatforms) = preSolution
		Debug|Any CPU = Debug|Any CPU
		Release|Any CPU = Release|Any CPU
	EndGlobalSection
	GlobalSection(NestedProjects) = preSolution
		{88CA91CE-C435-4968-83E2-4149DDB7182B} = {78C713FC-10F0-4E13-A7E9-D1ED91AA9F0E}
	EndGlobalSection
EndGlobal
